# This file is automatically @generated by Poetry 1.8.2 and should not be changed by hand.

[[package]]
name = "typst"
version = "0.13.0"
description = "Python binding to typst"
optional = false
python-versions = ">=3.8"
files = [
    {file = "typst-0.13.0-cp313-cp313t-macosx_10_12_x86_64.whl", hash = "sha256:ad8d2d6ad250938fbed833aaeb4543284a8a44fb8823e060e3288f9105bac3e6"},
    {file = "typst-0.13.0-cp313-cp313t-macosx_11_0_arm64.whl", hash = "sha256:1bf5b02676ecd6eb31049dd3181b55f22bddf7c542af8f98cafe7353115cff37"},
    {file = "typst-0.13.0-cp313-cp313t-manylinux_2_17_aarch64.manylinux2014_aarch64.whl", hash = "sha256:fd09af5f8355635bef2a759b49afb82bb88fe7e3a91ba4925c13d8a71a96283f"},
    {file = "typst-0.13.0-cp313-cp313t-manylinux_2_17_armv7l.manylinux2014_armv7l.whl", hash = "sha256:db69a4ba21a4d662074a5eb5cf41d5979c2691da2ca83ff1c8bfab1376cca178"},
    {file = "typst-0.13.0-cp313-cp313t-manylinux_2_17_ppc64le.manylinux2014_ppc64le.whl", hash = "sha256:985199eb41637496848c348a4d1a101f875b0cb424008b74127aff0253f05b89"},
    {file = "typst-0.13.0-cp313-cp313t-manylinux_2_17_s390x.manylinux2014_s390x.whl", hash = "sha256:64ecd9ebedcdbf225145522d9ce473a69416c1b643093cd641c6fbe1b5f7b245"},
    {file = "typst-0.13.0-cp313-cp313t-manylinux_2_17_x86_64.manylinux2014_x86_64.whl", hash = "sha256:6323a85517274bb174872e25db1817842cb8985ddd6cf7f23fdf28266034a597"},
    {file = "typst-0.13.0-cp313-cp313t-win_amd64.whl", hash = "sha256:43a0381ead5bef592a83271a631ed4c036e924b2487ab9a12049b6c6d88153f4"},
    {file = "typst-0.13.0-cp38-abi3-macosx_10_12_x86_64.whl", hash = "sha256:ace60e505b9b983f69a28e3b03e2ed543565f8b81c850b0a31fa5c9eae53b809"},
    {file = "typst-0.13.0-cp38-abi3-macosx_11_0_arm64.whl", hash = "sha256:b947de93a3357d71bf4262e2ec48afbcab42c8bb341a6f8cba9835b402b16e73"},
    {file = "typst-0.13.0-cp38-abi3-manylinux_2_17_aarch64.manylinux2014_aarch64.whl", hash = "sha256:f693a7ac974bf628b65083d579a9d0a206213f5540c2316357d3b1acbfddd815"},
    {file = "typst-0.13.0-cp38-abi3-manylinux_2_17_armv7l.manylinux2014_armv7l.whl", hash = "sha256:788077874368c2a865e7e313aecbd1ca72e93265e940bbdffb7e05630a6f6d8f"},
    {file = "typst-0.13.0-cp38-abi3-manylinux_2_17_ppc64le.manylinux2014_ppc64le.whl", hash = "sha256:95a184b08372bc34f37c421c65456fe13ba48e7995b171a2617e9ec458dc898e"},
    {file = "typst-0.13.0-cp38-abi3-manylinux_2_17_s390x.manylinux2014_s390x.whl", hash = "sha256:bdf43c7c1f38aa89a3487e1dc307e2c01b6f9ce29f6ee1808d99b0df8b054b84"},
    {file = "typst-0.13.0-cp38-abi3-manylinux_2_17_x86_64.manylinux2014_x86_64.whl", hash = "sha256:819cef563a84c654e6fc9c883c8c605f2ab6212d6b82cd443f7f9084644f5c92"},
    {file = "typst-0.13.0-cp38-abi3-win_amd64.whl", hash = "sha256:40a30c4ce02b6675451c9008f924b9b3deee2b9cf6750868869606c8defa1399"},
    {file = "typst-0.13.0.tar.gz", hash = "sha256:81492bcd3f0fae7bf868293fe02804939c0e92b1ca8e6836d8f7ccf1e58f9980"},
]

[metadata]
lock-version = "2.0"
python-versions = "^3.12"
content-hash = "8fd4582a1fb765cec8f422a19e372217af066c297e86237bbd58c2126da9ece7"
